
Microsoft Visual Studio Solution File, Format Version 12.00
# Visual Studio Version 17
VisualStudioVersion = 17.8.34511.84
MinimumVisualStudioVersion = 10.0.40219.1
Project("{FAE04EC0-301F-11D3-BF4B-00C04F79EFBC}") = "be-1-g-2", "be-1-g-2\be-1-g-2.csproj", "{2B29D5C7-6AB3-4CF4-B429-86C2F43DEC75}"
EndProject
Global
	GlobalSection(SolutionConfigurationPlatforms) = preSolution
		Debug|Any CPU = Debug|Any CPU
		Release|Any CPU = Release|Any CPU
	EndGlobalSection
	GlobalSection(ProjectConfigurationPlatforms) = postSolution
		{2B29D5C7-6AB3-4CF4-B429-86C2F43DEC75}.Debug|Any CPU.ActiveCfg = Debug|Any CPU
		{2B29D5C7-6AB3-4CF4-B429-86C2F43DEC75}.Debug|Any CPU.Build.0 = Debug|Any CPU
		{2B29D5C7-6AB3-4CF4-B429-86C2F43DEC75}.Release|Any CPU.ActiveCfg = Release|Any CPU
		{2B29D5C7-6AB3-4CF4-B429-86C2F43DEC75}.Release|Any CPU.Build.0 = Release|Any CPU
	EndGlobalSection
	GlobalSection(SolutionProperties) = preSolution
		HideSolutionNode = FALSE
	EndGlobalSection
	GlobalSection(ExtensibilityGlobals) = postSolution
		SolutionGuid = {1CCA6DEB-CAFD-4E36-9224-31684EAB7517}
	EndGlobalSection
EndGlobal
